
Microsoft Visual Studio Solution File, Format Version 12.00
# Visual Studio Version 17
VisualStudioVersion = 17.13.35919.96
MinimumVisualStudioVersion = 10.0.40219.1
Project("{FAE04EC0-301F-11D3-BF4B-00C04F79EFBC}") = "Movies System", "Movies System.csproj", "{2FA27BF9-2928-4AD2-B270-73C4D01F3030}"
EndProject
Project("{FAE04EC0-301F-11D3-BF4B-00C04F79EFBC}") = "Movies System Tests", "..\Movies System Tests\Movies System Tests.csproj", "{F2F38173-98C2-45B8-948F-074626824BA2}"
EndProject
Global
	GlobalSection(SolutionConfigurationPlatforms) = preSolution
		Debug|Any CPU = Debug|Any CPU
		Release|Any CPU = Release|Any CPU
	EndGlobalSection
	GlobalSection(ProjectConfigurationPlatforms) = postSolution
		{2FA27BF9-2928-4AD2-B270-73C4D01F3030}.Debug|Any CPU.ActiveCfg = Debug|Any CPU
		{2FA27BF9-2928-4AD2-B270-73C4D01F3030}.Debug|Any CPU.Build.0 = Debug|Any CPU
		{2FA27BF9-2928-4AD2-B270-73C4D01F3030}.Release|Any CPU.ActiveCfg = Release|Any CPU
		{2FA27BF9-2928-4AD2-B270-73C4D01F3030}.Release|Any CPU.Build.0 = Release|Any CPU
		{F2F38173-98C2-45B8-948F-074626824BA2}.Debug|Any CPU.ActiveCfg = Debug|Any CPU
		{F2F38173-98C2-45B8-948F-074626824BA2}.Debug|Any CPU.Build.0 = Debug|Any CPU
		{F2F38173-98C2-45B8-948F-074626824BA2}.Release|Any CPU.ActiveCfg = Release|Any CPU
		{F2F38173-98C2-45B8-948F-074626824BA2}.Release|Any CPU.Build.0 = Release|Any CPU
	EndGlobalSection
	GlobalSection(SolutionProperties) = preSolution
		HideSolutionNode = FALSE
	EndGlobalSection
	GlobalSection(ExtensibilityGlobals) = postSolution
		SolutionGuid = {97D756A0-212C-4298-88FD-132E5EEBCC1E}
	EndGlobalSection
EndGlobal
